
Microsoft Visual Studio Solution File, Format Version 12.00
# Visual Studio Version 17
VisualStudioVersion = 17.4.33122.133
MinimumVisualStudioVersion = 10.0.40219.1
Project("{2150E333-8FDC-42A3-9474-1A3956D46DE8}") = "Solution Items", "Solution Items", "{E7E8A1AA-D79B-415E-B482-3EE8A3C5E70F}"
	ProjectSection(SolutionItems) = preProject
		arrow_down.png = arrow_down.png
		footer.css = footer.css
		general.css = general.css
		header.css = header.css
		index.html = index.html
		main.css = main.css
		style.css = style.css
		..\..\..\OneDrive\Dators\Vector.png = ..\..\..\OneDrive\Dators\Vector.png
	EndProjectSection
EndProject
Global
	GlobalSection(SolutionProperties) = preSolution
		HideSolutionNode = FALSE
	EndGlobalSection
	GlobalSection(ExtensibilityGlobals) = postSolution
		SolutionGuid = {A8106784-4DDB-452E-8D82-E47A419556C2}
	EndGlobalSection
EndGlobal
